
Microsoft Visual Studio Solution File, Format Version 12.00
# Visual Studio Version 16
VisualStudioVersion = 16.0.32413.511
MinimumVisualStudioVersion = 10.0.40219.1
Project("{FAE04EC0-301F-11D3-BF4B-00C04F79EFBC}") = "EmployeeWage", "EmployeeWage\EmployeeWage.csproj", "{681FAF39-88B3-4BE3-BBF2-E95DF23A196C}"
EndProject
Global
	GlobalSection(SolutionConfigurationPlatforms) = preSolution
		Debug|Any CPU = Debug|Any CPU
		Release|Any CPU = Release|Any CPU
	EndGlobalSection
	GlobalSection(ProjectConfigurationPlatforms) = postSolution
		{681FAF39-88B3-4BE3-BBF2-E95DF23A196C}.Debug|Any CPU.ActiveCfg = Debug|Any CPU
		{681FAF39-88B3-4BE3-BBF2-E95DF23A196C}.Debug|Any CPU.Build.0 = Debug|Any CPU
		{681FAF39-88B3-4BE3-BBF2-E95DF23A196C}.Release|Any CPU.ActiveCfg = Release|Any CPU
		{681FAF39-88B3-4BE3-BBF2-E95DF23A196C}.Release|Any CPU.Build.0 = Release|Any CPU
	EndGlobalSection
	GlobalSection(SolutionProperties) = preSolution
		HideSolutionNode = FALSE
	EndGlobalSection
	GlobalSection(ExtensibilityGlobals) = postSolution
		SolutionGuid = {6A7DC434-D61B-4C23-9DBF-1E5D1B994FD9}
	EndGlobalSection
EndGlobal
